{
  "name": "surviving-lines",
  "version": "0.1.2",
  "lockfileVersion": 3,
  "requires": true,
  "packages": {
    "": {
      "name": "surviving-lines",
      "version": "0.1.2",
      "license": "MIT",
      "bin": {
        "surviving-lines": "bin/surviving-lines.js"
      },
      "engines": {
        "node": ">=20"
      }
    }
  }
}
